// !$*UTF8*$!
{
	archiveVersion = 1;
	classes = {
	};
	objectVersion = 46;
	objects = {

/* Begin PBXBuildFile section */
		39B0966A1C35C5DA00699AD4 /* StringDecoder.swift in Sources */ = {isa = PBXBuildFile; fileRef = 39B096691C35C5DA00699AD4 /* StringDecoder.swift */; };
		39F51D591C2C5F930005F252 /* AppDelegate.swift in Sources */ = {isa = PBXBuildFile; fileRef = 39F51D581C2C5F930005F252 /* AppDelegate.swift */; };
		39F51D5B1C2C5F930005F252 /* TopicsTableViewController.swift in Sources */ = {isa = PBXBuildFile; fileRef = 39F51D5A1C2C5F930005F252 /* TopicsTableViewController.swift */; };
		39F51D5D1C2C5F930005F252 /* SecondViewController.swift in Sources */ = {isa = PBXBuildFile; fileRef = 39F51D5C1C2C5F930005F252 /* SecondViewController.swift */; };
		39F51D601C2C5F930005F252 /* Main.storyboard in Resources */ = {isa = PBXBuildFile; fileRef = 39F51D5E1C2C5F930005F252 /* Main.storyboard */; };
		39F51D621C2C5F930005F252 /* Assets.xcassets in Resources */ = {isa = PBXBuildFile; fileRef = 39F51D611C2C5F930005F252 /* Assets.xcassets */; };
		39F51D651C2C5F930005F252 /* LaunchScreen.storyboard in Resources */ = {isa = PBXBuildFile; fileRef = 39F51D631C2C5F930005F252 /* LaunchScreen.storyboard */; };
		39F51D701C2C5F930005F252 /* The_TalonTests.swift in Sources */ = {isa = PBXBuildFile; fileRef = 39F51D6F1C2C5F930005F252 /* The_TalonTests.swift */; };
		39F51D7B1C2C5F930005F252 /* The_TalonUITests.swift in Sources */ = {isa = PBXBuildFile; fileRef = 39F51D7A1C2C5F930005F252 /* The_TalonUITests.swift */; };
		39F51D891C2C5FF60005F252 /* XMLParser.swift in Sources */ = {isa = PBXBuildFile; fileRef = 39F51D881C2C5FF60005F252 /* XMLParser.swift */; };
		39F51D8B1C2C606D0005F252 /* TutorialViewController.swift in Sources */ = {isa = PBXBuildFile; fileRef = 39F51D8A1C2C606D0005F252 /* TutorialViewController.swift */; };
		39F51D951C2CAF000005F252 /* StringtoNSURL.swift in Sources */ = {isa = PBXBuildFile; fileRef = 39F51D941C2CAF000005F252 /* StringtoNSURL.swift */; };
/* End PBXBuildFile section */

/* Begin PBXContainerItemProxy section */
		39F51D6C1C2C5F930005F252 /* PBXContainerItemProxy */ = {
			isa = PBXContainerItemProxy;
			containerPortal = 39F51D4D1C2C5F930005F252 /* Project object */;
			proxyType = 1;
			remoteGlobalIDString = 39F51D541C2C5F930005F252;
			remoteInfo = "The Talon";
		};
		39F51D771C2C5F930005F252 /* PBXContainerItemProxy */ = {
			isa = PBXContainerItemProxy;
			containerPortal = 39F51D4D1C2C5F930005F252 /* Project object */;
			proxyType = 1;
			remoteGlobalIDString = 39F51D541C2C5F930005F252;
			remoteInfo = "The Talon";
		};
/* End PBXContainerItemProxy section */

/* Begin PBXFileReference section */
		39B096691C35C5DA00699AD4 /* StringDecoder.swift */ = {isa = PBXFileReference; fileEncoding = 4; lastKnownFileType = sourcecode.swift; path = StringDecoder.swift; sourceTree = "<group>"; };
		39F51D551C2C5F930005F252 /* The Talon.app */ = {isa = PBXFileReference; explicitFileType = wrapper.application; includeInIndex = 0; path = "The Talon.app"; sourceTree = BUILT_PRODUCTS_DIR; };
		39F51D581C2C5F930005F252 /* AppDelegate.swift */ = {isa = PBXFileReference; lastKnownFileType = sourcecode.swift; path = AppDelegate.swift; sourceTree = "<group>"; };
		39F51D5A1C2C5F930005F252 /* TopicsTableViewController.swift */ = {isa = PBXFileReference; lastKnownFileType = sourcecode.swift; path = TopicsTableViewController.swift; sourceTree = "<group>"; };
		39F51D5C1C2C5F930005F252 /* SecondViewController.swift */ = {isa = PBXFileReference; lastKnownFileType = sourcecode.swift; path = SecondViewController.swift; sourceTree = "<group>"; };
		39F51D5F1C2C5F930005F252 /* Base */ = {isa = PBXFileReference; lastKnownFileType = file.storyboard; name = Base; path = Base.lproj/Main.storyboard; sourceTree = "<group>"; };
		39F51D611C2C5F930005F252 /* Assets.xcassets */ = {isa = PBXFileReference; lastKnownFileType = folder.assetcatalog; path = Assets.xcassets; sourceTree = "<group>"; };
		39F51D641C2C5F930005F252 /* Base */ = {isa = PBXFileReference; lastKnownFileType = file.storyboard; name = Base; path = Base.lproj/LaunchScreen.storyboard; sourceTree = "<group>"; };
		39F51D661C2C5F930005F252 /* Info.plist */ = {isa = PBXFileReference; lastKnownFileType = text.plist.xml; path = Info.plist; sourceTree = "<group>"; };
		39F51D6B1C2C5F930005F252 /* The TalonTests.xctest */ = {isa = PBXFileReference; explicitFileType = wrapper.cfbundle; includeInIndex = 0; path = "The TalonTests.xctest"; sourceTree = BUILT_PRODUCTS_DIR; };
		39F51D6F1C2C5F930005F252 /* The_TalonTests.swift */ = {isa = PBXFileReference; lastKnownFileType = sourcecode.swift; path = The_TalonTests.swift; sourceTree = "<group>"; };
		39F51D711C2C5F930005F252 /* Info.plist */ = {isa = PBXFileReference; lastKnownFileType = text.plist.xml; path = Info.plist; sourceTree = "<group>"; };
		39F51D761C2C5F930005F252 /* The TalonUITests.xctest */ = {isa = PBXFileReference; explicitFileType = wrapper.cfbundle; includeInIndex = 0; path = "The TalonUITests.xctest"; sourceTree = BUILT_PRODUCTS_DIR; };
		39F51D7A1C2C5F930005F252 /* The_TalonUITests.swift */ = {isa = PBXFileReference; lastKnownFileType = sourcecode.swift; path = The_TalonUITests.swift; sourceTree = "<group>"; };
		39F51D7C1C2C5F930005F252 /* Info.plist */ = {isa = PBXFileReference; lastKnownFileType = text.plist.xml; path = Info.plist; sourceTree = "<group>"; };
		39F51D881C2C5FF60005F252 /* XMLParser.swift */ = {isa = PBXFileReference; fileEncoding = 4; lastKnownFileType = sourcecode.swift; path = XMLParser.swift; sourceTree = "<group>"; };
		39F51D8A1C2C606D0005F252 /* TutorialViewController.swift */ = {isa = PBXFileReference; fileEncoding = 4; lastKnownFileType = sourcecode.swift; path = TutorialViewController.swift; sourceTree = "<group>"; };
		39F51D941C2CAF000005F252 /* StringtoNSURL.swift */ = {isa = PBXFileReference; fileEncoding = 4; lastKnownFileType = sourcecode.swift; path = StringtoNSURL.swift; sourceTree = "<group>"; };
/* End PBXFileReference section */

/* Begin PBXFrameworksBuildPhase section */
		39F51D521C2C5F930005F252 /* Frameworks */ = {
			isa = PBXFrameworksBuildPhase;
			buildActionMask = 2147483647;
			files = (
			);
			runOnlyForDeploymentPostprocessing = 0;
		};
		39F51D681C2C5F930005F252 /* Frameworks */ = {
			isa = PBXFrameworksBuildPhase;
			buildActionMask = 2147483647;
			files = (
			);
			runOnlyForDeploymentPostprocessing = 0;
		};
		39F51D731C2C5F930005F252 /* Frameworks */ = {
			isa = PBXFrameworksBuildPhase;
			buildActionMask = 2147483647;
			files = (
			);
			runOnlyForDeploymentPostprocessing = 0;
		};
/* End PBXFrameworksBuildPhase section */

/* Begin PBXGroup section */
		39F51D4C1C2C5F930005F252 = {
			isa = PBXGroup;
			children = (
				39F51D571C2C5F930005F252 /* The Talon */,
				39F51D6E1C2C5F930005F252 /* The TalonTests */,
				39F51D791C2C5F930005F252 /* The TalonUITests */,
				39F51D561C2C5F930005F252 /* Products */,
			);
			sourceTree = "<group>";
		};
		39F51D561C2C5F930005F252 /* Products */ = {
			isa = PBXGroup;
			children = (
				39F51D551C2C5F930005F252 /* The Talon.app */,
				39F51D6B1C2C5F930005F252 /* The TalonTests.xctest */,
				39F51D761C2C5F930005F252 /* The TalonUITests.xctest */,
			);
			name = Products;
			sourceTree = "<group>";
		};
		39F51D571C2C5F930005F252 /* The Talon */ = {
			isa = PBXGroup;
			children = (
				39F51D581C2C5F930005F252 /* AppDelegate.swift */,
				39F51D5A1C2C5F930005F252 /* TopicsTableViewController.swift */,
				39F51D5C1C2C5F930005F252 /* SecondViewController.swift */,
				39F51D5E1C2C5F930005F252 /* Main.storyboard */,
				39F51D611C2C5F930005F252 /* Assets.xcassets */,
				39F51D631C2C5F930005F252 /* LaunchScreen.storyboard */,
				39F51D661C2C5F930005F252 /* Info.plist */,
				39F51D881C2C5FF60005F252 /* XMLParser.swift */,
				39F51D8A1C2C606D0005F252 /* TutorialViewController.swift */,
				39F51D941C2CAF000005F252 /* StringtoNSURL.swift */,
				39B096691C35C5DA00699AD4 /* StringDecoder.swift */,
			);
			path = "The Talon";
			sourceTree = "<group>";
		};
		39F51D6E1C2C5F930005F252 /* The TalonTests */ = {
			isa = PBXGroup;
			children = (
				39F51D6F1C2C5F930005F252 /* The_TalonTests.swift */,
				39F51D711C2C5F930005F252 /* Info.plist */,
			);
			path = "The TalonTests";
			sourceTree = "<group>";
		};
		39F51D791C2C5F930005F252 /* The TalonUITests */ = {
			isa = PBXGroup;
			children = (
				39F51D7A1C2C5F930005F252 /* The_TalonUITests.swift */,
				39F51D7C1C2C5F930005F252 /* Info.plist */,
			);
			path = "The TalonUITests";
			sourceTree = "<group>";
		};
/* End PBXGroup section */

/* Begin PBXNativeTarget section */
		39F51D541C2C5F930005F252 /* The Talon */ = {
			isa = PBXNativeTarget;
			buildConfigurationList = 39F51D7F1C2C5F930005F252 /* Build configuration list for PBXNativeTarget "The Talon" */;
			buildPhases = (
				39F51D511C2C5F930005F252 /* Sources */,
				39F51D521C2C5F930005F252 /* Frameworks */,
				39F51D531C2C5F930005F252 /* Resources */,
			);
			buildRules = (
			);
			dependencies = (
			);
			name = "The Talon";
			productName = "The Talon";
			productReference = 39F51D551C2C5F930005F252 /* The Talon.app */;
			productType = "com.apple.product-type.application";
		};
		39F51D6A1C2C5F930005F252 /* The TalonTests */ = {
			isa = PBXNativeTarget;
			buildConfigurationList = 39F51D821C2C5F930005F252 /* Build configuration list for PBXNativeTarget "The TalonTests" */;
			buildPhases = (
				39F51D671C2C5F930005F252 /* Sources */,
				39F51D681C2C5F930005F252 /* Frameworks */,
				39F51D691C2C5F930005F252 /* Resources */,
			);
			buildRules = (
			);
			dependencies = (
				39F51D6D1C2C5F930005F252 /* PBXTargetDependency */,
			);
			name = "The TalonTests";
			productName = "The TalonTests";
			productReference = 39F51D6B1C2C5F930005F252 /* The TalonTests.xctest */;
			productType = "com.apple.product-type.bundle.unit-test";
		};
		39F51D751C2C5F930005F252 /* The TalonUITests */ = {
			isa = PBXNativeTarget;
			buildConfigurationList = 39F51D851C2C5F930005F252 /* Build configuration list for PBXNativeTarget "The TalonUITests" */;
			buildPhases = (
				39F51D721C2C5F930005F252 /* Sources */,
				39F51D731C2C5F930005F252 /* Frameworks */,
				39F51D741C2C5F930005F252 /* Resources */,
			);
			buildRules = (
			);
			dependencies = (
				39F51D781C2C5F930005F252 /* PBXTargetDependency */,
			);
			name = "The TalonUITests";
			productName = "The TalonUITests";
			productReference = 39F51D761C2C5F930005F252 /* The TalonUITests.xctest */;
			productType = "com.apple.product-type.bundle.ui-testing";
		};
/* End PBXNativeTarget section */

/* Begin PBXProject section */
		39F51D4D1C2C5F930005F252 /* Project object */ = {
			isa = PBXProject;
			attributes = {
				LastSwiftUpdateCheck = 0720;
				LastUpgradeCheck = 0720;
				ORGANIZATIONNAME = "Yanay Rosen";
				TargetAttributes = {
					39F51D541C2C5F930005F252 = {
						CreatedOnToolsVersion = 7.2;
					};
					39F51D6A1C2C5F930005F252 = {
						CreatedOnToolsVersion = 7.2;
						TestTargetID = 39F51D541C2C5F930005F252;
					};
					39F51D751C2C5F930005F252 = {
						CreatedOnToolsVersion = 7.2;
						TestTargetID = 39F51D541C2C5F930005F252;
					};
				};
			};
			buildConfigurationList = 39F51D501C2C5F930005F252 /* Build configuration list for PBXProject "The Talon" */;
			compatibilityVersion = "Xcode 3.2";
			developmentRegion = English;
			hasScannedForEncodings = 0;
			knownRegions = (
				en,
				Base,
			);
			mainGroup = 39F51D4C1C2C5F930005F252;
			productRefGroup = 39F51D561C2C5F930005F252 /* Products */;
			projectDirPath = "";
			projectRoot = "";
			targets = (
				39F51D541C2C5F930005F252 /* The Talon */,
				39F51D6A1C2C5F930005F252 /* The TalonTests */,
				39F51D751C2C5F930005F252 /* The TalonUITests */,
			);
		};
/* End PBXProject section */

/* Begin PBXResourcesBuildPhase section */
		39F51D531C2C5F930005F252 /* Resources */ = {
			isa = PBXResourcesBuildPhase;
			buildActionMask = 2147483647;
			files = (
				39F51D651C2C5F930005F252 /* LaunchScreen.storyboard in Resources */,
				39F51D621C2C5F930005F252 /* Assets.xcassets in Resources */,
				39F51D601C2C5F930005F252 /* Main.storyboard in Resources */,
			);
			runOnlyForDeploymentPostprocessing = 0;
		};
		39F51D691C2C5F930005F252 /* Resources */ = {
			isa = PBXResourcesBuildPhase;
			buildActionMask = 2147483647;
			files = (
			);
			runOnlyForDeploymentPostprocessing = 0;
		};
		39F51D741C2C5F930005F252 /* Resources */ = {
			isa = PBXResourcesBuildPhase;
			buildActionMask = 2147483647;
			files = (
			);
			runOnlyForDeploymentPostprocessing = 0;
		};
/* End PBXResourcesBuildPhase section */

/* Begin PBXSourcesBuildPhase section */
		39F51D511C2C5F930005F252 /* Sources */ = {
			isa = PBXSourcesBuildPhase;
			buildActionMask = 2147483647;
			files = (
				39F51D951C2CAF000005F252 /* StringtoNSURL.swift in Sources */,
				39F51D891C2C5FF60005F252 /* XMLParser.swift in Sources */,
				39F51D5D1C2C5F930005F252 /* SecondViewController.swift in Sources */,
				39B0966A1C35C5DA00699AD4 /* StringDecoder.swift in Sources */,
				39F51D8B1C2C606D0005F252 /* TutorialViewController.swift in Sources */,
				39F51D591C2C5F930005F252 /* AppDelegate.swift in Sources */,
				39F51D5B1C2C5F930005F252 /* TopicsTableViewController.swift in Sources */,
			);
			runOnlyForDeploymentPostprocessing = 0;
		};
		39F51D671C2C5F930005F252 /* Sources */ = {
			isa = PBXSourcesBuildPhase;
			buildActionMask = 2147483647;
			files = (
				39F51D701C2C5F930005F252 /* The_TalonTests.swift in Sources */,
			);
			runOnlyForDeploymentPostprocessing = 0;
		};
		39F51D721C2C5F930005F252 /* Sources */ = {
			isa = PBXSourcesBuildPhase;
			buildActionMask = 2147483647;
			files = (
				39F51D7B1C2C5F930005F252 /* The_TalonUITests.swift in Sources */,
			);
			runOnlyForDeploymentPostprocessing = 0;
		};
/* End PBXSourcesBuildPhase section */

/* Begin PBXTargetDependency section */
		39F51D6D1C2C5F930005F252 /* PBXTargetDependency */ = {
			isa = PBXTargetDependency;
			target = 39F51D541C2C5F930005F252 /* The Talon */;
			targetProxy = 39F51D6C1C2C5F930005F252 /* PBXContainerItemProxy */;
		};
		39F51D781C2C5F930005F252 /* PBXTargetDependency */ = {
			isa = PBXTargetDependency;
			target = 39F51D541C2C5F930005F252 /* The Talon */;
			targetProxy = 39F51D771C2C5F930005F252 /* PBXContainerItemProxy */;
		};
/* End PBXTargetDependency section */

/* Begin PBXVariantGroup section */
		39F51D5E1C2C5F930005F252 /* Main.storyboard */ = {
			isa = PBXVariantGroup;
			children = (
				39F51D5F1C2C5F930005F252 /* Base */,
			);
			name = Main.storyboard;
			sourceTree = "<group>";
		};
		39F51D631C2C5F930005F252 /* LaunchScreen.storyboard */ = {
			isa = PBXVariantGroup;
			children = (
				39F51D641C2C5F930005F252 /* Base */,
			);
			name = LaunchScreen.storyboard;
			sourceTree = "<group>";
		};
/* End PBXVariantGroup section */

/* Begin XCBuildConfiguration section */
		39F51D7D1C2C5F930005F252 /* Debug */ = {
			isa = XCBuildConfiguration;
			buildSettings = {
				ALWAYS_SEARCH_USER_PATHS = NO;
				CLANG_CXX_LANGUAGE_STANDARD = "gnu++0x";
				CLANG_CXX_LIBRARY = "libc++";
				CLANG_ENABLE_MODULES = YES;
				CLANG_ENABLE_OBJC_ARC = YES;
				CLANG_WARN_BOOL_CONVERSION = YES;
				CLANG_WARN_CONSTANT_CONVERSION = YES;
				CLANG_WARN_DIRECT_OBJC_ISA_USAGE = YES_ERROR;
				CLANG_WARN_EMPTY_BODY = YES;
				CLANG_WARN_ENUM_CONVERSION = YES;
				CLANG_WARN_INT_CONVERSION = YES;
				CLANG_WARN_OBJC_ROOT_CLASS = YES_ERROR;
				CLANG_WARN_UNREACHABLE_CODE = YES;
				CLANG_WARN__DUPLICATE_METHOD_MATCH = YES;
				"CODE_SIGN_IDENTITY[sdk=iphoneos*]" = "iPhone Developer";
				COPY_PHASE_STRIP = NO;
				DEBUG_INFORMATION_FORMAT = dwarf;
				ENABLE_STRICT_OBJC_MSGSEND = YES;
				ENABLE_TESTABILITY = YES;
				GCC_C_LANGUAGE_STANDARD = gnu99;
				GCC_DYNAMIC_NO_PIC = NO;
				GCC_NO_COMMON_BLOCKS = YES;
				GCC_OPTIMIZATION_LEVEL = 0;
				GCC_PREPROCESSOR_DEFINITIONS = (
					"DEBUG=1",
					"$(inherited)",
				);
				GCC_WARN_64_TO_32_BIT_CONVERSION = YES;
				GCC_WARN_ABOUT_RETURN_TYPE = YES_ERROR;
				GCC_WARN_UNDECLARED_SELECTOR = YES;
				GCC_WARN_UNINITIALIZED_AUTOS = YES_AGGRESSIVE;
				GCC_WARN_UNUSED_FUNCTION = YES;
				GCC_WARN_UNUSED_VARIABLE = YES;
				IPHONEOS_DEPLOYMENT_TARGET = 9.2;
				MTL_ENABLE_DEBUG_INFO = YES;
				ONLY_ACTIVE_ARCH = YES;
				SDKROOT = iphoneos;
				SWIFT_OPTIMIZATION_LEVEL = "-Onone";
			};
			name = Debug;
		};
		39F51D7E1C2C5F930005F252 /* Release */ = {
			isa = XCBuildConfiguration;
			buildSettings = {
				ALWAYS_SEARCH_USER_PATHS = NO;
				CLANG_CXX_LANGUAGE_STANDARD = "gnu++0x";
				CLANG_CXX_LIBRARY = "libc++";
				CLANG_ENABLE_MODULES = YES;
				CLANG_ENABLE_OBJC_ARC = YES;
				CLANG_WARN_BOOL_CONVERSION = YES;
				CLANG_WARN_CONSTANT_CONVERSION = YES;
				CLANG_WARN_DIRECT_OBJC_ISA_USAGE = YES_ERROR;
				CLANG_WARN_EMPTY_BODY = YES;
				CLANG_WARN_ENUM_CONVERSION = YES;
				CLANG_WARN_INT_CONVERSION = YES;
				CLANG_WARN_OBJC_ROOT_CLASS = YES_ERROR;
				CLANG_WARN_UNREACHABLE_CODE = YES;
				CLANG_WARN__DUPLICATE_METHOD_MATCH = YES;
				"CODE_SIGN_IDENTITY[sdk=iphoneos*]" = "iPhone Developer";
				COPY_PHASE_STRIP = NO;
				DEBUG_INFORMATION_FORMAT = "dwarf-with-dsym";
				ENABLE_NS_ASSERTIONS = NO;
				ENABLE_STRICT_OBJC_MSGSEND = YES;
				GCC_C_LANGUAGE_STANDARD = gnu99;
				GCC_NO_COMMON_BLOCKS = YES;
				GCC_WARN_64_TO_32_BIT_CONVERSION = YES;
				GCC_WARN_ABOUT_RETURN_TYPE = YES_ERROR;
				GCC_WARN_UNDECLARED_SELECTOR = YES;
				GCC_WARN_UNINITIALIZED_AUTOS = YES_AGGRESSIVE;
				GCC_WARN_UNUSED_FUNCTION = YES;
				GCC_WARN_UNUSED_VARIABLE = YES;
				IPHONEOS_DEPLOYMENT_TARGET = 9.2;
				MTL_ENABLE_DEBUG_INFO = NO;
				SDKROOT = iphoneos;
				VALIDATE_PRODUCT = YES;
			};
			name = Release;
		};
		39F51D801C2C5F930005F252 /* Debug */ = {
			isa = XCBuildConfiguration;
			buildSettings = {
				ASSETCATALOG_COMPILER_APPICON_NAME = AppIcon;
				INFOPLIST_FILE = "The Talon/Info.plist";
				LD_RUNPATH_SEARCH_PATHS = "$(inherited) @executable_path/Frameworks";
				PRODUCT_BUNDLE_IDENTIFIER = "yanay.The-Talon";
				PRODUCT_NAME = "$(TARGET_NAME)";
			};
			name = Debug;
		};
		39F51D811C2C5F930005F252 /* Release */ = {
			isa = XCBuildConfiguration;
			buildSettings = {
				ASSETCATALOG_COMPILER_APPICON_NAME = AppIcon;
				INFOPLIST_FILE = "The Talon/Info.plist";
				LD_RUNPATH_SEARCH_PATHS = "$(inherited) @executable_path/Frameworks";
				PRODUCT_BUNDLE_IDENTIFIER = "yanay.The-Talon";
				PRODUCT_NAME = "$(TARGET_NAME)";
			};
			name = Release;
		};
		39F51D831C2C5F930005F252 /* Debug */ = {
			isa = XCBuildConfiguration;
			buildSettings = {
				BUNDLE_LOADER = "$(TEST_HOST)";
				INFOPLIST_FILE = "The TalonTests/Info.plist";
				LD_RUNPATH_SEARCH_PATHS = "$(inherited) @executable_path/Frameworks @loader_path/Frameworks";
				PRODUCT_BUNDLE_IDENTIFIER = "yanay.The-TalonTests";
				PRODUCT_NAME = "$(TARGET_NAME)";
				TEST_HOST = "$(BUILT_PRODUCTS_DIR)/The Talon.app/The Talon";
			};
			name = Debug;
		};
		39F51D841C2C5F930005F252 /* Release */ = {
			isa = XCBuildConfiguration;
			buildSettings = {
				BUNDLE_LOADER = "$(TEST_HOST)";
				INFOPLIST_FILE = "The TalonTests/Info.plist";
				LD_RUNPATH_SEARCH_PATHS = "$(inherited) @executable_path/Frameworks @loader_path/Frameworks";
				PRODUCT_BUNDLE_IDENTIFIER = "yanay.The-TalonTests";
				PRODUCT_NAME = "$(TARGET_NAME)";
				TEST_HOST = "$(BUILT_PRODUCTS_DIR)/The Talon.app/The Talon";
			};
			name = Release;
		};
		39F51D861C2C5F930005F252 /* Debug */ = {
			isa = XCBuildConfiguration;
			buildSettings = {
				INFOPLIST_FILE = "The TalonUITests/Info.plist";
				LD_RUNPATH_SEARCH_PATHS = "$(inherited) @executable_path/Frameworks @loader_path/Frameworks";
				PRODUCT_BUNDLE_IDENTIFIER = "yanay.The-TalonUITests";
				PRODUCT_NAME = "$(TARGET_NAME)";
				TEST_TARGET_NAME = "The Talon";
				USES_XCTRUNNER = YES;
			};
			name = Debug;
		};
		39F51D871C2C5F930005F252 /* Release */ = {
			isa = XCBuildConfiguration;
			buildSettings = {
				INFOPLIST_FILE = "The TalonUITests/Info.plist";
				LD_RUNPATH_SEARCH_PATHS = "$(inherited) @executable_path/Frameworks @loader_path/Frameworks";
				PRODUCT_BUNDLE_IDENTIFIER = "yanay.The-TalonUITests";
				PRODUCT_NAME = "$(TARGET_NAME)";
				TEST_TARGET_NAME = "The Talon";
				USES_XCTRUNNER = YES;
			};
			name = Release;
		};
/* End XCBuildConfiguration section */

/* Begin XCConfigurationList section */
		39F51D501C2C5F930005F252 /* Build configuration list for PBXProject "The Talon" */ = {
			isa = XCConfigurationList;
			buildConfigurations = (
				39F51D7D1C2C5F930005F252 /* Debug */,
				39F51D7E1C2C5F930005F252 /* Release */,
			);
			defaultConfigurationIsVisible = 0;
			defaultConfigurationName = Release;
		};
		39F51D7F1C2C5F930005F252 /* Build configuration list for PBXNativeTarget "The Talon" */ = {
			isa = XCConfigurationList;
			buildConfigurations = (
				39F51D801C2C5F930005F252 /* Debug */,
				39F51D811C2C5F930005F252 /* Release */,
			);
			defaultConfigurationIsVisible = 0;
			defaultConfigurationName = Release;
		};
		39F51D821C2C5F930005F252 /* Build configuration list for PBXNativeTarget "The TalonTests" */ = {
			isa = XCConfigurationList;
			buildConfigurations = (
				39F51D831C2C5F930005F252 /* Debug */,
				39F51D841C2C5F930005F252 /* Release */,
			);
			defaultConfigurationIsVisible = 0;
			defaultConfigurationName = Release;
		};
		39F51D851C2C5F930005F252 /* Build configuration list for PBXNativeTarget "The TalonUITests" */ = {
			isa = XCConfigurationList;
			buildConfigurations = (
				39F51D861C2C5F930005F252 /* Debug */,
				39F51D871C2C5F930005F252 /* Release */,
			);
			defaultConfigurationIsVisible = 0;
			defaultConfigurationName = Release;
		};
/* End XCConfigurationList section */
	};
	rootObject = 39F51D4D1C2C5F930005F252 /* Project object */;
}
